// !$*UTF8*$!
{
	archiveVersion = 1;
	classes = {
	};
	objectVersion = 46;
	objects = {

/* Begin PBXBuildFile section */
		18614D2A1B0DBE8A00C512C0 /* AppKit.framework in Frameworks */ = {isa = PBXBuildFile; fileRef = 18614D291B0DBE8A00C512C0 /* AppKit.framework */; };
		18614D2C1B0DBE8A00C512C0 /* Foundation.framework in Frameworks */ = {isa = PBXBuildFile; fileRef = 18614D2B1B0DBE8A00C512C0 /* Foundation.framework */; };
		18614D311B0DBE8A00C512C0 /* ImpToHeader.xcscheme in Resources */ = {isa = PBXBuildFile; fileRef = 18614D301B0DBE8A00C512C0 /* ImpToHeader.xcscheme */; };
		18614D341B0DBE8A00C512C0 /* ImpToHeader.m in Sources */ = {isa = PBXBuildFile; fileRef = 18614D331B0DBE8A00C512C0 /* ImpToHeader.m */; };
/* End PBXBuildFile section */

/* Begin PBXFileReference section */
		18614D261B0DBE8A00C512C0 /* ImpToHeader.xcplugin */ = {isa = PBXFileReference; explicitFileType = wrapper.cfbundle; includeInIndex = 0; path = ImpToHeader.xcplugin; sourceTree = BUILT_PRODUCTS_DIR; };
		18614D291B0DBE8A00C512C0 /* AppKit.framework */ = {isa = PBXFileReference; lastKnownFileType = wrapper.framework; name = AppKit.framework; path = /System/Library/Frameworks/AppKit.framework; sourceTree = "<absolute>"; };
		18614D2B1B0DBE8A00C512C0 /* Foundation.framework */ = {isa = PBXFileReference; lastKnownFileType = wrapper.framework; name = Foundation.framework; path = /System/Library/Frameworks/Foundation.framework; sourceTree = "<absolute>"; };
		18614D2F1B0DBE8A00C512C0 /* Info.plist */ = {isa = PBXFileReference; lastKnownFileType = text.plist.xml; path = Info.plist; sourceTree = "<group>"; };
		18614D301B0DBE8A00C512C0 /* ImpToHeader.xcscheme */ = {isa = PBXFileReference; lastKnownFileType = text.xml; name = ImpToHeader.xcscheme; path = ImpToHeader.xcodeproj/xcshareddata/xcschemes/ImpToHeader.xcscheme; sourceTree = SOURCE_ROOT; };
		18614D321B0DBE8A00C512C0 /* ImpToHeader.h */ = {isa = PBXFileReference; lastKnownFileType = sourcecode.c.h; path = ImpToHeader.h; sourceTree = "<group>"; };
		18614D331B0DBE8A00C512C0 /* ImpToHeader.m */ = {isa = PBXFileReference; lastKnownFileType = sourcecode.c.objc; path = ImpToHeader.m; sourceTree = "<group>"; };
/* End PBXFileReference section */

/* Begin PBXFrameworksBuildPhase section */
		18614D241B0DBE8A00C512C0 /* Frameworks */ = {
			isa = PBXFrameworksBuildPhase;
			buildActionMask = 2147483647;
			files = (
				18614D2A1B0DBE8A00C512C0 /* AppKit.framework in Frameworks */,
				18614D2C1B0DBE8A00C512C0 /* Foundation.framework in Frameworks */,
			);
			runOnlyForDeploymentPostprocessing = 0;
		};
/* End PBXFrameworksBuildPhase section */

/* Begin PBXGroup section */
		18614D1D1B0DBE8A00C512C0 = {
			isa = PBXGroup;
			children = (
				18614D2D1B0DBE8A00C512C0 /* ImpToHeader */,
				18614D281B0DBE8A00C512C0 /* Frameworks */,
				18614D271B0DBE8A00C512C0 /* Products */,
			);
			sourceTree = "<group>";
		};
		18614D271B0DBE8A00C512C0 /* Products */ = {
			isa = PBXGroup;
			children = (
				18614D261B0DBE8A00C512C0 /* ImpToHeader.xcplugin */,
			);
			name = Products;
			sourceTree = "<group>";
		};
		18614D281B0DBE8A00C512C0 /* Frameworks */ = {
			isa = PBXGroup;
			children = (
				18614D291B0DBE8A00C512C0 /* AppKit.framework */,
				18614D2B1B0DBE8A00C512C0 /* Foundation.framework */,
			);
			name = Frameworks;
			sourceTree = "<group>";
		};
		18614D2D1B0DBE8A00C512C0 /* ImpToHeader */ = {
			isa = PBXGroup;
			children = (
				18614D321B0DBE8A00C512C0 /* ImpToHeader.h */,
				18614D331B0DBE8A00C512C0 /* ImpToHeader.m */,
				18614D2E1B0DBE8A00C512C0 /* Supporting Files */,
			);
			path = ImpToHeader;
			sourceTree = "<group>";
		};
		18614D2E1B0DBE8A00C512C0 /* Supporting Files */ = {
			isa = PBXGroup;
			children = (
				18614D2F1B0DBE8A00C512C0 /* Info.plist */,
				18614D301B0DBE8A00C512C0 /* ImpToHeader.xcscheme */,
			);
			name = "Supporting Files";
			sourceTree = "<group>";
		};
/* End PBXGroup section */

/* Begin PBXNativeTarget section */
		18614D251B0DBE8A00C512C0 /* ImpToHeader */ = {
			isa = PBXNativeTarget;
			buildConfigurationList = 18614D371B0DBE8A00C512C0 /* Build configuration list for PBXNativeTarget "ImpToHeader" */;
			buildPhases = (
				18614D221B0DBE8A00C512C0 /* Sources */,
				18614D231B0DBE8A00C512C0 /* Resources */,
				18614D241B0DBE8A00C512C0 /* Frameworks */,
			);
			buildRules = (
			);
			dependencies = (
			);
			name = ImpToHeader;
			productName = ImpToHeader;
			productReference = 18614D261B0DBE8A00C512C0 /* ImpToHeader.xcplugin */;
			productType = "com.apple.product-type.bundle";
		};
/* End PBXNativeTarget section */

/* Begin PBXProject section */
		18614D1E1B0DBE8A00C512C0 /* Project object */ = {
			isa = PBXProject;
			attributes = {
				LastUpgradeCheck = 0630;
				ORGANIZATIONNAME = DeltaX;
				TargetAttributes = {
					18614D251B0DBE8A00C512C0 = {
						CreatedOnToolsVersion = 6.3;
					};
				};
			};
			buildConfigurationList = 18614D211B0DBE8A00C512C0 /* Build configuration list for PBXProject "ImpToHeader" */;
			compatibilityVersion = "Xcode 3.2";
			developmentRegion = English;
			hasScannedForEncodings = 0;
			knownRegions = (
				en,
			);
			mainGroup = 18614D1D1B0DBE8A00C512C0;
			productRefGroup = 18614D271B0DBE8A00C512C0 /* Products */;
			projectDirPath = "";
			projectRoot = "";
			targets = (
				18614D251B0DBE8A00C512C0 /* ImpToHeader */,
			);
		};
/* End PBXProject section */

/* Begin PBXResourcesBuildPhase section */
		18614D231B0DBE8A00C512C0 /* Resources */ = {
			isa = PBXResourcesBuildPhase;
			buildActionMask = 2147483647;
			files = (
				18614D311B0DBE8A00C512C0 /* ImpToHeader.xcscheme in Resources */,
			);
			runOnlyForDeploymentPostprocessing = 0;
		};
/* End PBXResourcesBuildPhase section */

/* Begin PBXSourcesBuildPhase section */
		18614D221B0DBE8A00C512C0 /* Sources */ = {
			isa = PBXSourcesBuildPhase;
			buildActionMask = 2147483647;
			files = (
				18614D341B0DBE8A00C512C0 /* ImpToHeader.m in Sources */,
			);
			runOnlyForDeploymentPostprocessing = 0;
		};
/* End PBXSourcesBuildPhase section */

/* Begin XCBuildConfiguration section */
		18614D351B0DBE8A00C512C0 /* Debug */ = {
			isa = XCBuildConfiguration;
			buildSettings = {
				ALWAYS_SEARCH_USER_PATHS = NO;
				CLANG_CXX_LANGUAGE_STANDARD = "gnu++0x";
				CLANG_CXX_LIBRARY = "libc++";
				CLANG_ENABLE_MODULES = YES;
				CLANG_ENABLE_OBJC_ARC = YES;
				CLANG_WARN_BOOL_CONVERSION = YES;
				CLANG_WARN_CONSTANT_CONVERSION = YES;
				CLANG_WARN_DIRECT_OBJC_ISA_USAGE = YES_ERROR;
				CLANG_WARN_EMPTY_BODY = YES;
				CLANG_WARN_ENUM_CONVERSION = YES;
				CLANG_WARN_INT_CONVERSION = YES;
				CLANG_WARN_OBJC_ROOT_CLASS = YES_ERROR;
				CLANG_WARN_UNREACHABLE_CODE = YES;
				CLANG_WARN__DUPLICATE_METHOD_MATCH = YES;
				COPY_PHASE_STRIP = NO;
				ENABLE_STRICT_OBJC_MSGSEND = YES;
				GCC_C_LANGUAGE_STANDARD = gnu99;
				GCC_DYNAMIC_NO_PIC = NO;
				GCC_NO_COMMON_BLOCKS = YES;
				GCC_OPTIMIZATION_LEVEL = 0;
				GCC_PREPROCESSOR_DEFINITIONS = (
					"DEBUG=1",
					"$(inherited)",
				);
				GCC_SYMBOLS_PRIVATE_EXTERN = NO;
				GCC_WARN_64_TO_32_BIT_CONVERSION = YES;
				GCC_WARN_ABOUT_RETURN_TYPE = YES_ERROR;
				GCC_WARN_UNDECLARED_SELECTOR = YES;
				GCC_WARN_UNINITIALIZED_AUTOS = YES_AGGRESSIVE;
				GCC_WARN_UNUSED_FUNCTION = YES;
				GCC_WARN_UNUSED_VARIABLE = YES;
				MTL_ENABLE_DEBUG_INFO = YES;
				ONLY_ACTIVE_ARCH = YES;
			};
			name = Debug;
		};
		18614D361B0DBE8A00C512C0 /* Release */ = {
			isa = XCBuildConfiguration;
			buildSettings = {
				ALWAYS_SEARCH_USER_PATHS = NO;
				CLANG_CXX_LANGUAGE_STANDARD = "gnu++0x";
				CLANG_CXX_LIBRARY = "libc++";
				CLANG_ENABLE_MODULES = YES;
				CLANG_ENABLE_OBJC_ARC = YES;
				CLANG_WARN_BOOL_CONVERSION = YES;
				CLANG_WARN_CONSTANT_CONVERSION = YES;
				CLANG_WARN_DIRECT_OBJC_ISA_USAGE = YES_ERROR;
				CLANG_WARN_EMPTY_BODY = YES;
				CLANG_WARN_ENUM_CONVERSION = YES;
				CLANG_WARN_INT_CONVERSION = YES;
				CLANG_WARN_OBJC_ROOT_CLASS = YES_ERROR;
				CLANG_WARN_UNREACHABLE_CODE = YES;
				CLANG_WARN__DUPLICATE_METHOD_MATCH = YES;
				COPY_PHASE_STRIP = NO;
				ENABLE_NS_ASSERTIONS = NO;
				ENABLE_STRICT_OBJC_MSGSEND = YES;
				GCC_C_LANGUAGE_STANDARD = gnu99;
				GCC_NO_COMMON_BLOCKS = YES;
				GCC_WARN_64_TO_32_BIT_CONVERSION = YES;
				GCC_WARN_ABOUT_RETURN_TYPE = YES_ERROR;
				GCC_WARN_UNDECLARED_SELECTOR = YES;
				GCC_WARN_UNINITIALIZED_AUTOS = YES_AGGRESSIVE;
				GCC_WARN_UNUSED_FUNCTION = YES;
				GCC_WARN_UNUSED_VARIABLE = YES;
				MTL_ENABLE_DEBUG_INFO = NO;
			};
			name = Release;
		};
		18614D381B0DBE8A00C512C0 /* Debug */ = {
			isa = XCBuildConfiguration;
			buildSettings = {
				COMBINE_HIDPI_IMAGES = YES;
				DEPLOYMENT_LOCATION = YES;
				DSTROOT = "$(HOME)";
				INFOPLIST_FILE = ImpToHeader/Info.plist;
				INSTALL_PATH = "/Library/Application Support/Developer/Shared/Xcode/Plug-ins";
				MACOSX_DEPLOYMENT_TARGET = 10.10;
				PRODUCT_NAME = "$(TARGET_NAME)";
				WRAPPER_EXTENSION = xcplugin;
			};
			name = Debug;
		};
		18614D391B0DBE8A00C512C0 /* Release */ = {
			isa = XCBuildConfiguration;
			buildSettings = {
				COMBINE_HIDPI_IMAGES = YES;
				DEPLOYMENT_LOCATION = YES;
				DSTROOT = "$(HOME)";
				INFOPLIST_FILE = ImpToHeader/Info.plist;
				INSTALL_PATH = "/Library/Application Support/Developer/Shared/Xcode/Plug-ins";
				MACOSX_DEPLOYMENT_TARGET = 10.10;
				PRODUCT_NAME = "$(TARGET_NAME)";
				WRAPPER_EXTENSION = xcplugin;
			};
			name = Release;
		};
/* End XCBuildConfiguration section */

/* Begin XCConfigurationList section */
		18614D211B0DBE8A00C512C0 /* Build configuration list for PBXProject "ImpToHeader" */ = {
			isa = XCConfigurationList;
			buildConfigurations = (
				18614D351B0DBE8A00C512C0 /* Debug */,
				18614D361B0DBE8A00C512C0 /* Release */,
			);
			defaultConfigurationIsVisible = 0;
			defaultConfigurationName = Release;
		};
		18614D371B0DBE8A00C512C0 /* Build configuration list for PBXNativeTarget "ImpToHeader" */ = {
			isa = XCConfigurationList;
			buildConfigurations = (
				18614D381B0DBE8A00C512C0 /* Debug */,
				18614D391B0DBE8A00C512C0 /* Release */,
			);
			defaultConfigurationIsVisible = 0;
		};
/* End XCConfigurationList section */
	};
	rootObject = 18614D1E1B0DBE8A00C512C0 /* Project object */;
}
